// !$*UTF8*$!
{
	archiveVersion = 1;
	classes = {
	};
	objectVersion = 50;
	objects = {

/* Begin PBXBuildFile section */
		844173F197DF6A684ECFD5FA /* Pods_swiswiswiftUITests.framework in Frameworks */ = {isa = PBXBuildFile; fileRef = 2A81BD609B81285721F139DC /* Pods_swiswiswiftUITests.framework */; };
		8D1602932251083200F1FAFB /* AppDelegate.swift in Sources */ = {isa = PBXBuildFile; fileRef = 8D1602922251083200F1FAFB /* AppDelegate.swift */; };
		8D1602952251083200F1FAFB /* UITestSample_20190404.swift in Sources */ = {isa = PBXBuildFile; fileRef = 8D1602942251083200F1FAFB /* UITestSample_20190404.swift */; };
		8D16029A2251083300F1FAFB /* Assets.xcassets in Resources */ = {isa = PBXBuildFile; fileRef = 8D1602992251083300F1FAFB /* Assets.xcassets */; };
		8D16029D2251083300F1FAFB /* LaunchScreen.storyboard in Resources */ = {isa = PBXBuildFile; fileRef = 8D16029B2251083300F1FAFB /* LaunchScreen.storyboard */; };
		8D1602A82251083300F1FAFB /* swiswiswiftTests.swift in Sources */ = {isa = PBXBuildFile; fileRef = 8D1602A72251083300F1FAFB /* swiswiswiftTests.swift */; };
		8D1602B32251083300F1FAFB /* swiswiswiftUITests.swift in Sources */ = {isa = PBXBuildFile; fileRef = 8D1602B22251083300F1FAFB /* swiswiswiftUITests.swift */; };
		8D1602C12257C84300F1FAFB /* SampleListViewController.swift in Sources */ = {isa = PBXBuildFile; fileRef = 8D1602C02257C84300F1FAFB /* SampleListViewController.swift */; };
		8D1602C32257C9D300F1FAFB /* Samples.swift in Sources */ = {isa = PBXBuildFile; fileRef = 8D1602C22257C9D300F1FAFB /* Samples.swift */; };
		8D30AEA822A38DFB00BB5645 /* GyroMeterViewController_20190602.swift in Sources */ = {isa = PBXBuildFile; fileRef = 8D30AEA722A38DFB00BB5645 /* GyroMeterViewController_20190602.swift */; };
		8D30AEAA22A3927A00BB5645 /* AttitudeMeterViewController_20190603.swift in Sources */ = {isa = PBXBuildFile; fileRef = 8D30AEA922A3927A00BB5645 /* AttitudeMeterViewController_20190603.swift */; };
		8D30AEB022A3A62E00BB5645 /* UIButton_20190604.swift in Sources */ = {isa = PBXBuildFile; fileRef = 8D30AEAF22A3A62E00BB5645 /* UIButton_20190604.swift */; };
		8D6B63E0228848B1005EF191 /* Accelerometer_20190512.swift in Sources */ = {isa = PBXBuildFile; fileRef = 8D6B63DF228848B1005EF191 /* Accelerometer_20190512.swift */; };
		8D6B63E222884F57005EF191 /* Pendulum_20190513.swift in Sources */ = {isa = PBXBuildFile; fileRef = 8D6B63E122884F57005EF191 /* Pendulum_20190513.swift */; };
		8D7A9D3A225E116600AFB37C /* UITestSample_20190404Tests.swift in Sources */ = {isa = PBXBuildFile; fileRef = 8D7A9D39225E116600AFB37C /* UITestSample_20190404Tests.swift */; };
		8DD48ABC2296FB4E00ADB7E9 /* UISlider_20190522.swift in Sources */ = {isa = PBXBuildFile; fileRef = 8DD48ABB2296FB4E00ADB7E9 /* UISlider_20190522.swift */; };
		8DD48ABE2297002C00ADB7E9 /* UISliderRoundValue_20190523.swift in Sources */ = {isa = PBXBuildFile; fileRef = 8DD48ABD2297002C00ADB7E9 /* UISliderRoundValue_20190523.swift */; };
		AE0B7D311828CFD19B44A106 /* Pods_swiswiswift.framework in Frameworks */ = {isa = PBXBuildFile; fileRef = 0A3493231B470A2923510067 /* Pods_swiswiswift.framework */; };
		D2A849FCC0B65327176EDE3D /* Pods_swiswiswiftTests.framework in Frameworks */ = {isa = PBXBuildFile; fileRef = A75156B3924AE821FDBB931F /* Pods_swiswiswiftTests.framework */; };
/* End PBXBuildFile section */

/* Begin PBXContainerItemProxy section */
		8D1602A42251083300F1FAFB /* PBXContainerItemProxy */ = {
			isa = PBXContainerItemProxy;
			containerPortal = 8D1602872251083200F1FAFB /* Project object */;
			proxyType = 1;
			remoteGlobalIDString = 8D16028E2251083200F1FAFB;
			remoteInfo = swiswiswift;
		};
		8D1602AF2251083300F1FAFB /* PBXContainerItemProxy */ = {
			isa = PBXContainerItemProxy;
			containerPortal = 8D1602872251083200F1FAFB /* Project object */;
			proxyType = 1;
			remoteGlobalIDString = 8D16028E2251083200F1FAFB;
			remoteInfo = swiswiswift;
		};
/* End PBXContainerItemProxy section */

/* Begin PBXFileReference section */
		0A3493231B470A2923510067 /* Pods_swiswiswift.framework */ = {isa = PBXFileReference; explicitFileType = wrapper.framework; includeInIndex = 0; path = Pods_swiswiswift.framework; sourceTree = BUILT_PRODUCTS_DIR; };
		2A81BD609B81285721F139DC /* Pods_swiswiswiftUITests.framework */ = {isa = PBXFileReference; explicitFileType = wrapper.framework; includeInIndex = 0; path = Pods_swiswiswiftUITests.framework; sourceTree = BUILT_PRODUCTS_DIR; };
		405697A4D032597AAA970BA7 /* Pods-swiswiswiftUITests.debug.xcconfig */ = {isa = PBXFileReference; includeInIndex = 1; lastKnownFileType = text.xcconfig; name = "Pods-swiswiswiftUITests.debug.xcconfig"; path = "Target Support Files/Pods-swiswiswiftUITests/Pods-swiswiswiftUITests.debug.xcconfig"; sourceTree = "<group>"; };
		53B6D9AE42A26EC3EC5130BD /* Pods-swiswiswiftUITests.release.xcconfig */ = {isa = PBXFileReference; includeInIndex = 1; lastKnownFileType = text.xcconfig; name = "Pods-swiswiswiftUITests.release.xcconfig"; path = "Target Support Files/Pods-swiswiswiftUITests/Pods-swiswiswiftUITests.release.xcconfig"; sourceTree = "<group>"; };
		83635B7699E4B60E5D943C2C /* Pods-swiswiswift.debug.xcconfig */ = {isa = PBXFileReference; includeInIndex = 1; lastKnownFileType = text.xcconfig; name = "Pods-swiswiswift.debug.xcconfig"; path = "Target Support Files/Pods-swiswiswift/Pods-swiswiswift.debug.xcconfig"; sourceTree = "<group>"; };
		8D16028F2251083200F1FAFB /* swiswiswift.app */ = {isa = PBXFileReference; explicitFileType = wrapper.application; includeInIndex = 0; path = swiswiswift.app; sourceTree = BUILT_PRODUCTS_DIR; };
		8D1602922251083200F1FAFB /* AppDelegate.swift */ = {isa = PBXFileReference; lastKnownFileType = sourcecode.swift; path = AppDelegate.swift; sourceTree = "<group>"; };
		8D1602942251083200F1FAFB /* UITestSample_20190404.swift */ = {isa = PBXFileReference; lastKnownFileType = sourcecode.swift; path = UITestSample_20190404.swift; sourceTree = "<group>"; };
		8D1602992251083300F1FAFB /* Assets.xcassets */ = {isa = PBXFileReference; lastKnownFileType = folder.assetcatalog; path = Assets.xcassets; sourceTree = "<group>"; };
		8D16029C2251083300F1FAFB /* Base */ = {isa = PBXFileReference; lastKnownFileType = file.storyboard; name = Base; path = Base.lproj/LaunchScreen.storyboard; sourceTree = "<group>"; };
		8D16029E2251083300F1FAFB /* Info.plist */ = {isa = PBXFileReference; lastKnownFileType = text.plist.xml; path = Info.plist; sourceTree = "<group>"; };
		8D1602A32251083300F1FAFB /* swiswiswiftTests.xctest */ = {isa = PBXFileReference; explicitFileType = wrapper.cfbundle; includeInIndex = 0; path = swiswiswiftTests.xctest; sourceTree = BUILT_PRODUCTS_DIR; };
		8D1602A72251083300F1FAFB /* swiswiswiftTests.swift */ = {isa = PBXFileReference; lastKnownFileType = sourcecode.swift; path = swiswiswiftTests.swift; sourceTree = "<group>"; };
		8D1602A92251083300F1FAFB /* Info.plist */ = {isa = PBXFileReference; lastKnownFileType = text.plist.xml; path = Info.plist; sourceTree = "<group>"; };
		8D1602AE2251083300F1FAFB /* swiswiswiftUITests.xctest */ = {isa = PBXFileReference; explicitFileType = wrapper.cfbundle; includeInIndex = 0; path = swiswiswiftUITests.xctest; sourceTree = BUILT_PRODUCTS_DIR; };
		8D1602B22251083300F1FAFB /* swiswiswiftUITests.swift */ = {isa = PBXFileReference; lastKnownFileType = sourcecode.swift; path = swiswiswiftUITests.swift; sourceTree = "<group>"; };
		8D1602B42251083300F1FAFB /* Info.plist */ = {isa = PBXFileReference; lastKnownFileType = text.plist.xml; path = Info.plist; sourceTree = "<group>"; };
		8D1602C02257C84300F1FAFB /* SampleListViewController.swift */ = {isa = PBXFileReference; lastKnownFileType = sourcecode.swift; path = SampleListViewController.swift; sourceTree = "<group>"; };
		8D1602C22257C9D300F1FAFB /* Samples.swift */ = {isa = PBXFileReference; lastKnownFileType = sourcecode.swift; path = Samples.swift; sourceTree = "<group>"; };
		8D30AEA722A38DFB00BB5645 /* GyroMeterViewController_20190602.swift */ = {isa = PBXFileReference; lastKnownFileType = sourcecode.swift; path = GyroMeterViewController_20190602.swift; sourceTree = "<group>"; };
		8D30AEA922A3927A00BB5645 /* AttitudeMeterViewController_20190603.swift */ = {isa = PBXFileReference; lastKnownFileType = sourcecode.swift; path = AttitudeMeterViewController_20190603.swift; sourceTree = "<group>"; };
		8D30AEAF22A3A62E00BB5645 /* UIButton_20190604.swift */ = {isa = PBXFileReference; lastKnownFileType = sourcecode.swift; path = UIButton_20190604.swift; sourceTree = "<group>"; };
		8D6B63DF228848B1005EF191 /* Accelerometer_20190512.swift */ = {isa = PBXFileReference; lastKnownFileType = sourcecode.swift; path = Accelerometer_20190512.swift; sourceTree = "<group>"; };
		8D6B63E122884F57005EF191 /* Pendulum_20190513.swift */ = {isa = PBXFileReference; lastKnownFileType = sourcecode.swift; path = Pendulum_20190513.swift; sourceTree = "<group>"; };
		8D7A9D39225E116600AFB37C /* UITestSample_20190404Tests.swift */ = {isa = PBXFileReference; lastKnownFileType = sourcecode.swift; path = UITestSample_20190404Tests.swift; sourceTree = "<group>"; };
		8DD48ABB2296FB4E00ADB7E9 /* UISlider_20190522.swift */ = {isa = PBXFileReference; lastKnownFileType = sourcecode.swift; path = UISlider_20190522.swift; sourceTree = "<group>"; };
		8DD48ABD2297002C00ADB7E9 /* UISliderRoundValue_20190523.swift */ = {isa = PBXFileReference; lastKnownFileType = sourcecode.swift; path = UISliderRoundValue_20190523.swift; sourceTree = "<group>"; };
		A75156B3924AE821FDBB931F /* Pods_swiswiswiftTests.framework */ = {isa = PBXFileReference; explicitFileType = wrapper.framework; includeInIndex = 0; path = Pods_swiswiswiftTests.framework; sourceTree = BUILT_PRODUCTS_DIR; };
		E482FEF2B82315BE3CAC8ED9 /* Pods-swiswiswiftTests.release.xcconfig */ = {isa = PBXFileReference; includeInIndex = 1; lastKnownFileType = text.xcconfig; name = "Pods-swiswiswiftTests.release.xcconfig"; path = "Target Support Files/Pods-swiswiswiftTests/Pods-swiswiswiftTests.release.xcconfig"; sourceTree = "<group>"; };
		E51C2FF86FCD8C86E5516F89 /* Pods-swiswiswift.release.xcconfig */ = {isa = PBXFileReference; includeInIndex = 1; lastKnownFileType = text.xcconfig; name = "Pods-swiswiswift.release.xcconfig"; path = "Target Support Files/Pods-swiswiswift/Pods-swiswiswift.release.xcconfig"; sourceTree = "<group>"; };
		FA196D528ADDDDCA5A90F058 /* Pods-swiswiswiftTests.debug.xcconfig */ = {isa = PBXFileReference; includeInIndex = 1; lastKnownFileType = text.xcconfig; name = "Pods-swiswiswiftTests.debug.xcconfig"; path = "Target Support Files/Pods-swiswiswiftTests/Pods-swiswiswiftTests.debug.xcconfig"; sourceTree = "<group>"; };
/* End PBXFileReference section */

/* Begin PBXFrameworksBuildPhase section */
		8D16028C2251083200F1FAFB /* Frameworks */ = {
			isa = PBXFrameworksBuildPhase;
			buildActionMask = 2147483647;
			files = (
				AE0B7D311828CFD19B44A106 /* Pods_swiswiswift.framework in Frameworks */,
			);
			runOnlyForDeploymentPostprocessing = 0;
		};
		8D1602A02251083300F1FAFB /* Frameworks */ = {
			isa = PBXFrameworksBuildPhase;
			buildActionMask = 2147483647;
			files = (
				D2A849FCC0B65327176EDE3D /* Pods_swiswiswiftTests.framework in Frameworks */,
			);
			runOnlyForDeploymentPostprocessing = 0;
		};
		8D1602AB2251083300F1FAFB /* Frameworks */ = {
			isa = PBXFrameworksBuildPhase;
			buildActionMask = 2147483647;
			files = (
				844173F197DF6A684ECFD5FA /* Pods_swiswiswiftUITests.framework in Frameworks */,
			);
			runOnlyForDeploymentPostprocessing = 0;
		};
/* End PBXFrameworksBuildPhase section */

/* Begin PBXGroup section */
		27A5669DA5E1FAA8F2C9ECE0 /* Pods */ = {
			isa = PBXGroup;
			children = (
				83635B7699E4B60E5D943C2C /* Pods-swiswiswift.debug.xcconfig */,
				E51C2FF86FCD8C86E5516F89 /* Pods-swiswiswift.release.xcconfig */,
				FA196D528ADDDDCA5A90F058 /* Pods-swiswiswiftTests.debug.xcconfig */,
				E482FEF2B82315BE3CAC8ED9 /* Pods-swiswiswiftTests.release.xcconfig */,
				405697A4D032597AAA970BA7 /* Pods-swiswiswiftUITests.debug.xcconfig */,
				53B6D9AE42A26EC3EC5130BD /* Pods-swiswiswiftUITests.release.xcconfig */,
			);
			path = Pods;
			sourceTree = "<group>";
		};
		3C722854416CDF1C633A7E87 /* Frameworks */ = {
			isa = PBXGroup;
			children = (
				0A3493231B470A2923510067 /* Pods_swiswiswift.framework */,
				A75156B3924AE821FDBB931F /* Pods_swiswiswiftTests.framework */,
				2A81BD609B81285721F139DC /* Pods_swiswiswiftUITests.framework */,
			);
			name = Frameworks;
			sourceTree = "<group>";
		};
		8D1602862251083200F1FAFB = {
			isa = PBXGroup;
			children = (
				8D1602912251083200F1FAFB /* swiswiswift */,
				8D1602A62251083300F1FAFB /* swiswiswiftTests */,
				8D1602B12251083300F1FAFB /* swiswiswiftUITests */,
				8D1602902251083200F1FAFB /* Products */,
				27A5669DA5E1FAA8F2C9ECE0 /* Pods */,
				3C722854416CDF1C633A7E87 /* Frameworks */,
			);
			sourceTree = "<group>";
		};
		8D1602902251083200F1FAFB /* Products */ = {
			isa = PBXGroup;
			children = (
				8D16028F2251083200F1FAFB /* swiswiswift.app */,
				8D1602A32251083300F1FAFB /* swiswiswiftTests.xctest */,
				8D1602AE2251083300F1FAFB /* swiswiswiftUITests.xctest */,
			);
			name = Products;
			sourceTree = "<group>";
		};
		8D1602912251083200F1FAFB /* swiswiswift */ = {
			isa = PBXGroup;
			children = (
				8D1602922251083200F1FAFB /* AppDelegate.swift */,
				8D1602C22257C9D300F1FAFB /* Samples.swift */,
				8D1602C02257C84300F1FAFB /* SampleListViewController.swift */,
				8D30AEAE22A3A5F900BB5645 /* SampleCodes */,
				8D1602992251083300F1FAFB /* Assets.xcassets */,
				8D16029B2251083300F1FAFB /* LaunchScreen.storyboard */,
				8D16029E2251083300F1FAFB /* Info.plist */,
			);
			path = swiswiswift;
			sourceTree = "<group>";
		};
		8D1602A62251083300F1FAFB /* swiswiswiftTests */ = {
			isa = PBXGroup;
			children = (
				8D1602A72251083300F1FAFB /* swiswiswiftTests.swift */,
				8D1602A92251083300F1FAFB /* Info.plist */,
			);
			path = swiswiswiftTests;
			sourceTree = "<group>";
		};
		8D1602B12251083300F1FAFB /* swiswiswiftUITests */ = {
			isa = PBXGroup;
			children = (
				8D1602B22251083300F1FAFB /* swiswiswiftUITests.swift */,
				8D7A9D39225E116600AFB37C /* UITestSample_20190404Tests.swift */,
				8D1602B42251083300F1FAFB /* Info.plist */,
			);
			path = swiswiswiftUITests;
			sourceTree = "<group>";
		};
		8D30AEAE22A3A5F900BB5645 /* SampleCodes */ = {
			isa = PBXGroup;
			children = (
				8D30AEAF22A3A62E00BB5645 /* UIButton_20190604.swift */,
				8D30AEA922A3927A00BB5645 /* AttitudeMeterViewController_20190603.swift */,
				8D30AEA722A38DFB00BB5645 /* GyroMeterViewController_20190602.swift */,
				8DD48ABD2297002C00ADB7E9 /* UISliderRoundValue_20190523.swift */,
				8DD48ABB2296FB4E00ADB7E9 /* UISlider_20190522.swift */,
				8D6B63E122884F57005EF191 /* Pendulum_20190513.swift */,
				8D6B63DF228848B1005EF191 /* Accelerometer_20190512.swift */,
				8D1602942251083200F1FAFB /* UITestSample_20190404.swift */,
			);
			path = SampleCodes;
			sourceTree = "<group>";
		};
/* End PBXGroup section */

/* Begin PBXNativeTarget section */
		8D16028E2251083200F1FAFB /* swiswiswift */ = {
			isa = PBXNativeTarget;
			buildConfigurationList = 8D1602B72251083300F1FAFB /* Build configuration list for PBXNativeTarget "swiswiswift" */;
			buildPhases = (
				1FDA6B083F9BBB73B44CF4A1 /* [CP] Check Pods Manifest.lock */,
				8D16028B2251083200F1FAFB /* Sources */,
				8D16028C2251083200F1FAFB /* Frameworks */,
				8D16028D2251083200F1FAFB /* Resources */,
			);
			buildRules = (
			);
			dependencies = (
			);
			name = swiswiswift;
			productName = swiswiswift;
			productReference = 8D16028F2251083200F1FAFB /* swiswiswift.app */;
			productType = "com.apple.product-type.application";
		};
		8D1602A22251083300F1FAFB /* swiswiswiftTests */ = {
			isa = PBXNativeTarget;
			buildConfigurationList = 8D1602BA2251083300F1FAFB /* Build configuration list for PBXNativeTarget "swiswiswiftTests" */;
			buildPhases = (
				CC33387038E665C5CE7A4CB5 /* [CP] Check Pods Manifest.lock */,
				8D16029F2251083300F1FAFB /* Sources */,
				8D1602A02251083300F1FAFB /* Frameworks */,
				8D1602A12251083300F1FAFB /* Resources */,
			);
			buildRules = (
			);
			dependencies = (
				8D1602A52251083300F1FAFB /* PBXTargetDependency */,
			);
			name = swiswiswiftTests;
			productName = swiswiswiftTests;
			productReference = 8D1602A32251083300F1FAFB /* swiswiswiftTests.xctest */;
			productType = "com.apple.product-type.bundle.unit-test";
		};
		8D1602AD2251083300F1FAFB /* swiswiswiftUITests */ = {
			isa = PBXNativeTarget;
			buildConfigurationList = 8D1602BD2251083300F1FAFB /* Build configuration list for PBXNativeTarget "swiswiswiftUITests" */;
			buildPhases = (
				1C5AFAAF35C4A9AF1FD9343F /* [CP] Check Pods Manifest.lock */,
				8D1602AA2251083300F1FAFB /* Sources */,
				8D1602AB2251083300F1FAFB /* Frameworks */,
				8D1602AC2251083300F1FAFB /* Resources */,
			);
			buildRules = (
			);
			dependencies = (
				8D1602B02251083300F1FAFB /* PBXTargetDependency */,
			);
			name = swiswiswiftUITests;
			productName = swiswiswiftUITests;
			productReference = 8D1602AE2251083300F1FAFB /* swiswiswiftUITests.xctest */;
			productType = "com.apple.product-type.bundle.ui-testing";
		};
/* End PBXNativeTarget section */

/* Begin PBXProject section */
		8D1602872251083200F1FAFB /* Project object */ = {
			isa = PBXProject;
			attributes = {
				LastSwiftUpdateCheck = 1020;
				LastUpgradeCheck = 1020;
				ORGANIZATIONNAME = swiswiswift;
				TargetAttributes = {
					8D16028E2251083200F1FAFB = {
						CreatedOnToolsVersion = 10.2;
					};
					8D1602A22251083300F1FAFB = {
						CreatedOnToolsVersion = 10.2;
						TestTargetID = 8D16028E2251083200F1FAFB;
					};
					8D1602AD2251083300F1FAFB = {
						CreatedOnToolsVersion = 10.2;
						TestTargetID = 8D16028E2251083200F1FAFB;
					};
				};
			};
			buildConfigurationList = 8D16028A2251083200F1FAFB /* Build configuration list for PBXProject "swiswiswift" */;
			compatibilityVersion = "Xcode 9.3";
			developmentRegion = en;
			hasScannedForEncodings = 0;
			knownRegions = (
				en,
				Base,
			);
			mainGroup = 8D1602862251083200F1FAFB;
			productRefGroup = 8D1602902251083200F1FAFB /* Products */;
			projectDirPath = "";
			projectRoot = "";
			targets = (
				8D16028E2251083200F1FAFB /* swiswiswift */,
				8D1602A22251083300F1FAFB /* swiswiswiftTests */,
				8D1602AD2251083300F1FAFB /* swiswiswiftUITests */,
			);
		};
/* End PBXProject section */

/* Begin PBXResourcesBuildPhase section */
		8D16028D2251083200F1FAFB /* Resources */ = {
			isa = PBXResourcesBuildPhase;
			buildActionMask = 2147483647;
			files = (
				8D16029D2251083300F1FAFB /* LaunchScreen.storyboard in Resources */,
				8D16029A2251083300F1FAFB /* Assets.xcassets in Resources */,
			);
			runOnlyForDeploymentPostprocessing = 0;
		};
		8D1602A12251083300F1FAFB /* Resources */ = {
			isa = PBXResourcesBuildPhase;
			buildActionMask = 2147483647;
			files = (
			);
			runOnlyForDeploymentPostprocessing = 0;
		};
		8D1602AC2251083300F1FAFB /* Resources */ = {
			isa = PBXResourcesBuildPhase;
			buildActionMask = 2147483647;
			files = (
			);
			runOnlyForDeploymentPostprocessing = 0;
		};
/* End PBXResourcesBuildPhase section */

/* Begin PBXShellScriptBuildPhase section */
		1C5AFAAF35C4A9AF1FD9343F /* [CP] Check Pods Manifest.lock */ = {
			isa = PBXShellScriptBuildPhase;
			buildActionMask = 2147483647;
			files = (
			);
			inputFileListPaths = (
			);
			inputPaths = (
				"${PODS_PODFILE_DIR_PATH}/Podfile.lock",
				"${PODS_ROOT}/Manifest.lock",
			);
			name = "[CP] Check Pods Manifest.lock";
			outputFileListPaths = (
			);
			outputPaths = (
				"$(DERIVED_FILE_DIR)/Pods-swiswiswiftUITests-checkManifestLockResult.txt",
			);
			runOnlyForDeploymentPostprocessing = 0;
			shellPath = /bin/sh;
			shellScript = "diff \"${PODS_PODFILE_DIR_PATH}/Podfile.lock\" \"${PODS_ROOT}/Manifest.lock\" > /dev/null\nif [ $? != 0 ] ; then\n    # print error to STDERR\n    echo \"error: The sandbox is not in sync with the Podfile.lock. Run 'pod install' or update your CocoaPods installation.\" >&2\n    exit 1\nfi\n# This output is used by Xcode 'outputs' to avoid re-running this script phase.\necho \"SUCCESS\" > \"${SCRIPT_OUTPUT_FILE_0}\"\n";
			showEnvVarsInLog = 0;
		};
		1FDA6B083F9BBB73B44CF4A1 /* [CP] Check Pods Manifest.lock */ = {
			isa = PBXShellScriptBuildPhase;
			buildActionMask = 2147483647;
			files = (
			);
			inputFileListPaths = (
			);
			inputPaths = (
				"${PODS_PODFILE_DIR_PATH}/Podfile.lock",
				"${PODS_ROOT}/Manifest.lock",
			);
			name = "[CP] Check Pods Manifest.lock";
			outputFileListPaths = (
			);
			outputPaths = (
				"$(DERIVED_FILE_DIR)/Pods-swiswiswift-checkManifestLockResult.txt",
			);
			runOnlyForDeploymentPostprocessing = 0;
			shellPath = /bin/sh;
			shellScript = "diff \"${PODS_PODFILE_DIR_PATH}/Podfile.lock\" \"${PODS_ROOT}/Manifest.lock\" > /dev/null\nif [ $? != 0 ] ; then\n    # print error to STDERR\n    echo \"error: The sandbox is not in sync with the Podfile.lock. Run 'pod install' or update your CocoaPods installation.\" >&2\n    exit 1\nfi\n# This output is used by Xcode 'outputs' to avoid re-running this script phase.\necho \"SUCCESS\" > \"${SCRIPT_OUTPUT_FILE_0}\"\n";
			showEnvVarsInLog = 0;
		};
		CC33387038E665C5CE7A4CB5 /* [CP] Check Pods Manifest.lock */ = {
			isa = PBXShellScriptBuildPhase;
			buildActionMask = 2147483647;
			files = (
			);
			inputFileListPaths = (
			);
			inputPaths = (
				"${PODS_PODFILE_DIR_PATH}/Podfile.lock",
				"${PODS_ROOT}/Manifest.lock",
			);
			name = "[CP] Check Pods Manifest.lock";
			outputFileListPaths = (
			);
			outputPaths = (
				"$(DERIVED_FILE_DIR)/Pods-swiswiswiftTests-checkManifestLockResult.txt",
			);
			runOnlyForDeploymentPostprocessing = 0;
			shellPath = /bin/sh;
			shellScript = "diff \"${PODS_PODFILE_DIR_PATH}/Podfile.lock\" \"${PODS_ROOT}/Manifest.lock\" > /dev/null\nif [ $? != 0 ] ; then\n    # print error to STDERR\n    echo \"error: The sandbox is not in sync with the Podfile.lock. Run 'pod install' or update your CocoaPods installation.\" >&2\n    exit 1\nfi\n# This output is used by Xcode 'outputs' to avoid re-running this script phase.\necho \"SUCCESS\" > \"${SCRIPT_OUTPUT_FILE_0}\"\n";
			showEnvVarsInLog = 0;
		};
/* End PBXShellScriptBuildPhase section */

/* Begin PBXSourcesBuildPhase section */
		8D16028B2251083200F1FAFB /* Sources */ = {
			isa = PBXSourcesBuildPhase;
			buildActionMask = 2147483647;
			files = (
				8DD48ABE2297002C00ADB7E9 /* UISliderRoundValue_20190523.swift in Sources */,
				8D30AEAA22A3927A00BB5645 /* AttitudeMeterViewController_20190603.swift in Sources */,
				8D1602C12257C84300F1FAFB /* SampleListViewController.swift in Sources */,
				8D30AEB022A3A62E00BB5645 /* UIButton_20190604.swift in Sources */,
				8D30AEA822A38DFB00BB5645 /* GyroMeterViewController_20190602.swift in Sources */,
				8DD48ABC2296FB4E00ADB7E9 /* UISlider_20190522.swift in Sources */,
				8D1602C32257C9D300F1FAFB /* Samples.swift in Sources */,
				8D1602952251083200F1FAFB /* UITestSample_20190404.swift in Sources */,
				8D6B63E0228848B1005EF191 /* Accelerometer_20190512.swift in Sources */,
				8D6B63E222884F57005EF191 /* Pendulum_20190513.swift in Sources */,
				8D1602932251083200F1FAFB /* AppDelegate.swift in Sources */,
			);
			runOnlyForDeploymentPostprocessing = 0;
		};
		8D16029F2251083300F1FAFB /* Sources */ = {
			isa = PBXSourcesBuildPhase;
			buildActionMask = 2147483647;
			files = (
				8D1602A82251083300F1FAFB /* swiswiswiftTests.swift in Sources */,
			);
			runOnlyForDeploymentPostprocessing = 0;
		};
		8D1602AA2251083300F1FAFB /* Sources */ = {
			isa = PBXSourcesBuildPhase;
			buildActionMask = 2147483647;
			files = (
				8D7A9D3A225E116600AFB37C /* UITestSample_20190404Tests.swift in Sources */,
				8D1602B32251083300F1FAFB /* swiswiswiftUITests.swift in Sources */,
			);
			runOnlyForDeploymentPostprocessing = 0;
		};
/* End PBXSourcesBuildPhase section */

/* Begin PBXTargetDependency section */
		8D1602A52251083300F1FAFB /* PBXTargetDependency */ = {
			isa = PBXTargetDependency;
			target = 8D16028E2251083200F1FAFB /* swiswiswift */;
			targetProxy = 8D1602A42251083300F1FAFB /* PBXContainerItemProxy */;
		};
		8D1602B02251083300F1FAFB /* PBXTargetDependency */ = {
			isa = PBXTargetDependency;
			target = 8D16028E2251083200F1FAFB /* swiswiswift */;
			targetProxy = 8D1602AF2251083300F1FAFB /* PBXContainerItemProxy */;
		};
/* End PBXTargetDependency section */

/* Begin PBXVariantGroup section */
		8D16029B2251083300F1FAFB /* LaunchScreen.storyboard */ = {
			isa = PBXVariantGroup;
			children = (
				8D16029C2251083300F1FAFB /* Base */,
			);
			name = LaunchScreen.storyboard;
			sourceTree = "<group>";
		};
/* End PBXVariantGroup section */

/* Begin XCBuildConfiguration section */
		8D1602B52251083300F1FAFB /* Debug */ = {
			isa = XCBuildConfiguration;
			buildSettings = {
				ALWAYS_SEARCH_USER_PATHS = NO;
				CLANG_ANALYZER_NONNULL = YES;
				CLANG_ANALYZER_NUMBER_OBJECT_CONVERSION = YES_AGGRESSIVE;
				CLANG_CXX_LANGUAGE_STANDARD = "gnu++14";
				CLANG_CXX_LIBRARY = "libc++";
				CLANG_ENABLE_MODULES = YES;
				CLANG_ENABLE_OBJC_ARC = YES;
				CLANG_ENABLE_OBJC_WEAK = YES;
				CLANG_WARN_BLOCK_CAPTURE_AUTORELEASING = YES;
				CLANG_WARN_BOOL_CONVERSION = YES;
				CLANG_WARN_COMMA = YES;
				CLANG_WARN_CONSTANT_CONVERSION = YES;
				CLANG_WARN_DEPRECATED_OBJC_IMPLEMENTATIONS = YES;
				CLANG_WARN_DIRECT_OBJC_ISA_USAGE = YES_ERROR;
				CLANG_WARN_DOCUMENTATION_COMMENTS = YES;
				CLANG_WARN_EMPTY_BODY = YES;
				CLANG_WARN_ENUM_CONVERSION = YES;
				CLANG_WARN_INFINITE_RECURSION = YES;
				CLANG_WARN_INT_CONVERSION = YES;
				CLANG_WARN_NON_LITERAL_NULL_CONVERSION = YES;
				CLANG_WARN_OBJC_IMPLICIT_RETAIN_SELF = YES;
				CLANG_WARN_OBJC_LITERAL_CONVERSION = YES;
				CLANG_WARN_OBJC_ROOT_CLASS = YES_ERROR;
				CLANG_WARN_RANGE_LOOP_ANALYSIS = YES;
				CLANG_WARN_STRICT_PROTOTYPES = YES;
				CLANG_WARN_SUSPICIOUS_MOVE = YES;
				CLANG_WARN_UNGUARDED_AVAILABILITY = YES_AGGRESSIVE;
				CLANG_WARN_UNREACHABLE_CODE = YES;
				CLANG_WARN__DUPLICATE_METHOD_MATCH = YES;
				CODE_SIGN_IDENTITY = "iPhone Developer";
				COPY_PHASE_STRIP = NO;
				DEBUG_INFORMATION_FORMAT = dwarf;
				ENABLE_STRICT_OBJC_MSGSEND = YES;
				ENABLE_TESTABILITY = YES;
				GCC_C_LANGUAGE_STANDARD = gnu11;
				GCC_DYNAMIC_NO_PIC = NO;
				GCC_NO_COMMON_BLOCKS = YES;
				GCC_OPTIMIZATION_LEVEL = 0;
				GCC_PREPROCESSOR_DEFINITIONS = (
					"DEBUG=1",
					"$(inherited)",
				);
				GCC_WARN_64_TO_32_BIT_CONVERSION = YES;
				GCC_WARN_ABOUT_RETURN_TYPE = YES_ERROR;
				GCC_WARN_UNDECLARED_SELECTOR = YES;
				GCC_WARN_UNINITIALIZED_AUTOS = YES_AGGRESSIVE;
				GCC_WARN_UNUSED_FUNCTION = YES;
				GCC_WARN_UNUSED_VARIABLE = YES;
				IPHONEOS_DEPLOYMENT_TARGET = 12.2;
				MTL_ENABLE_DEBUG_INFO = INCLUDE_SOURCE;
				MTL_FAST_MATH = YES;
				ONLY_ACTIVE_ARCH = YES;
				SDKROOT = iphoneos;
				SWIFT_ACTIVE_COMPILATION_CONDITIONS = DEBUG;
				SWIFT_OPTIMIZATION_LEVEL = "-Onone";
			};
			name = Debug;
		};
		8D1602B62251083300F1FAFB /* Release */ = {
			isa = XCBuildConfiguration;
			buildSettings = {
				ALWAYS_SEARCH_USER_PATHS = NO;
				CLANG_ANALYZER_NONNULL = YES;
				CLANG_ANALYZER_NUMBER_OBJECT_CONVERSION = YES_AGGRESSIVE;
				CLANG_CXX_LANGUAGE_STANDARD = "gnu++14";
				CLANG_CXX_LIBRARY = "libc++";
				CLANG_ENABLE_MODULES = YES;
				CLANG_ENABLE_OBJC_ARC = YES;
				CLANG_ENABLE_OBJC_WEAK = YES;
				CLANG_WARN_BLOCK_CAPTURE_AUTORELEASING = YES;
				CLANG_WARN_BOOL_CONVERSION = YES;
				CLANG_WARN_COMMA = YES;
				CLANG_WARN_CONSTANT_CONVERSION = YES;
				CLANG_WARN_DEPRECATED_OBJC_IMPLEMENTATIONS = YES;
				CLANG_WARN_DIRECT_OBJC_ISA_USAGE = YES_ERROR;
				CLANG_WARN_DOCUMENTATION_COMMENTS = YES;
				CLANG_WARN_EMPTY_BODY = YES;
				CLANG_WARN_ENUM_CONVERSION = YES;
				CLANG_WARN_INFINITE_RECURSION = YES;
				CLANG_WARN_INT_CONVERSION = YES;
				CLANG_WARN_NON_LITERAL_NULL_CONVERSION = YES;
				CLANG_WARN_OBJC_IMPLICIT_RETAIN_SELF = YES;
				CLANG_WARN_OBJC_LITERAL_CONVERSION = YES;
				CLANG_WARN_OBJC_ROOT_CLASS = YES_ERROR;
				CLANG_WARN_RANGE_LOOP_ANALYSIS = YES;
				CLANG_WARN_STRICT_PROTOTYPES = YES;
				CLANG_WARN_SUSPICIOUS_MOVE = YES;
				CLANG_WARN_UNGUARDED_AVAILABILITY = YES_AGGRESSIVE;
				CLANG_WARN_UNREACHABLE_CODE = YES;
				CLANG_WARN__DUPLICATE_METHOD_MATCH = YES;
				CODE_SIGN_IDENTITY = "iPhone Developer";
				COPY_PHASE_STRIP = NO;
				DEBUG_INFORMATION_FORMAT = "dwarf-with-dsym";
				ENABLE_NS_ASSERTIONS = NO;
				ENABLE_STRICT_OBJC_MSGSEND = YES;
				GCC_C_LANGUAGE_STANDARD = gnu11;
				GCC_NO_COMMON_BLOCKS = YES;
				GCC_WARN_64_TO_32_BIT_CONVERSION = YES;
				GCC_WARN_ABOUT_RETURN_TYPE = YES_ERROR;
				GCC_WARN_UNDECLARED_SELECTOR = YES;
				GCC_WARN_UNINITIALIZED_AUTOS = YES_AGGRESSIVE;
				GCC_WARN_UNUSED_FUNCTION = YES;
				GCC_WARN_UNUSED_VARIABLE = YES;
				IPHONEOS_DEPLOYMENT_TARGET = 12.2;
				MTL_ENABLE_DEBUG_INFO = NO;
				MTL_FAST_MATH = YES;
				SDKROOT = iphoneos;
				SWIFT_COMPILATION_MODE = wholemodule;
				SWIFT_OPTIMIZATION_LEVEL = "-O";
				VALIDATE_PRODUCT = YES;
			};
			name = Release;
		};
		8D1602B82251083300F1FAFB /* Debug */ = {
			isa = XCBuildConfiguration;
			baseConfigurationReference = 83635B7699E4B60E5D943C2C /* Pods-swiswiswift.debug.xcconfig */;
			buildSettings = {
				ASSETCATALOG_COMPILER_APPICON_NAME = AppIcon;
				CODE_SIGN_STYLE = Automatic;
				DEVELOPMENT_TEAM = "";
				INFOPLIST_FILE = swiswiswift/Info.plist;
				LD_RUNPATH_SEARCH_PATHS = (
					"$(inherited)",
					"@executable_path/Frameworks",
				);
				PRODUCT_BUNDLE_IDENTIFIER = com.swiswiswift.swiswiswift;
				PRODUCT_NAME = "$(TARGET_NAME)";
				SWIFT_VERSION = 5.0;
				TARGETED_DEVICE_FAMILY = "1,2";
			};
			name = Debug;
		};
		8D1602B92251083300F1FAFB /* Release */ = {
			isa = XCBuildConfiguration;
			baseConfigurationReference = E51C2FF86FCD8C86E5516F89 /* Pods-swiswiswift.release.xcconfig */;
			buildSettings = {
				ASSETCATALOG_COMPILER_APPICON_NAME = AppIcon;
				CODE_SIGN_STYLE = Automatic;
				DEVELOPMENT_TEAM = "";
				INFOPLIST_FILE = swiswiswift/Info.plist;
				LD_RUNPATH_SEARCH_PATHS = (
					"$(inherited)",
					"@executable_path/Frameworks",
				);
				PRODUCT_BUNDLE_IDENTIFIER = com.swiswiswift.swiswiswift;
				PRODUCT_NAME = "$(TARGET_NAME)";
				SWIFT_VERSION = 5.0;
				TARGETED_DEVICE_FAMILY = "1,2";
			};
			name = Release;
		};
		8D1602BB2251083300F1FAFB /* Debug */ = {
			isa = XCBuildConfiguration;
			baseConfigurationReference = FA196D528ADDDDCA5A90F058 /* Pods-swiswiswiftTests.debug.xcconfig */;
			buildSettings = {
				ALWAYS_EMBED_SWIFT_STANDARD_LIBRARIES = YES;
				BUNDLE_LOADER = "$(TEST_HOST)";
				CODE_SIGN_STYLE = Automatic;
				INFOPLIST_FILE = swiswiswiftTests/Info.plist;
				LD_RUNPATH_SEARCH_PATHS = (
					"$(inherited)",
					"@executable_path/Frameworks",
					"@loader_path/Frameworks",
				);
				PRODUCT_BUNDLE_IDENTIFIER = com.swiswiswift.swiswiswiftTests;
				PRODUCT_NAME = "$(TARGET_NAME)";
				SWIFT_VERSION = 5.0;
				TARGETED_DEVICE_FAMILY = "1,2";
				TEST_HOST = "$(BUILT_PRODUCTS_DIR)/swiswiswift.app/swiswiswift";
			};
			name = Debug;
		};
		8D1602BC2251083300F1FAFB /* Release */ = {
			isa = XCBuildConfiguration;
			baseConfigurationReference = E482FEF2B82315BE3CAC8ED9 /* Pods-swiswiswiftTests.release.xcconfig */;
			buildSettings = {
				ALWAYS_EMBED_SWIFT_STANDARD_LIBRARIES = YES;
				BUNDLE_LOADER = "$(TEST_HOST)";
				CODE_SIGN_STYLE = Automatic;
				INFOPLIST_FILE = swiswiswiftTests/Info.plist;
				LD_RUNPATH_SEARCH_PATHS = (
					"$(inherited)",
					"@executable_path/Frameworks",
					"@loader_path/Frameworks",
				);
				PRODUCT_BUNDLE_IDENTIFIER = com.swiswiswift.swiswiswiftTests;
				PRODUCT_NAME = "$(TARGET_NAME)";
				SWIFT_VERSION = 5.0;
				TARGETED_DEVICE_FAMILY = "1,2";
				TEST_HOST = "$(BUILT_PRODUCTS_DIR)/swiswiswift.app/swiswiswift";
			};
			name = Release;
		};
		8D1602BE2251083300F1FAFB /* Debug */ = {
			isa = XCBuildConfiguration;
			baseConfigurationReference = 405697A4D032597AAA970BA7 /* Pods-swiswiswiftUITests.debug.xcconfig */;
			buildSettings = {
				ALWAYS_EMBED_SWIFT_STANDARD_LIBRARIES = YES;
				CODE_SIGN_STYLE = Automatic;
				INFOPLIST_FILE = swiswiswiftUITests/Info.plist;
				LD_RUNPATH_SEARCH_PATHS = (
					"$(inherited)",
					"@executable_path/Frameworks",
					"@loader_path/Frameworks",
				);
				PRODUCT_BUNDLE_IDENTIFIER = com.swiswiswift.swiswiswiftUITests;
				PRODUCT_NAME = "$(TARGET_NAME)";
				SWIFT_VERSION = 5.0;
				TARGETED_DEVICE_FAMILY = "1,2";
				TEST_TARGET_NAME = swiswiswift;
			};
			name = Debug;
		};
		8D1602BF2251083300F1FAFB /* Release */ = {
			isa = XCBuildConfiguration;
			baseConfigurationReference = 53B6D9AE42A26EC3EC5130BD /* Pods-swiswiswiftUITests.release.xcconfig */;
			buildSettings = {
				ALWAYS_EMBED_SWIFT_STANDARD_LIBRARIES = YES;
				CODE_SIGN_STYLE = Automatic;
				INFOPLIST_FILE = swiswiswiftUITests/Info.plist;
				LD_RUNPATH_SEARCH_PATHS = (
					"$(inherited)",
					"@executable_path/Frameworks",
					"@loader_path/Frameworks",
				);
				PRODUCT_BUNDLE_IDENTIFIER = com.swiswiswift.swiswiswiftUITests;
				PRODUCT_NAME = "$(TARGET_NAME)";
				SWIFT_VERSION = 5.0;
				TARGETED_DEVICE_FAMILY = "1,2";
				TEST_TARGET_NAME = swiswiswift;
			};
			name = Release;
		};
/* End XCBuildConfiguration section */

/* Begin XCConfigurationList section */
		8D16028A2251083200F1FAFB /* Build configuration list for PBXProject "swiswiswift" */ = {
			isa = XCConfigurationList;
			buildConfigurations = (
				8D1602B52251083300F1FAFB /* Debug */,
				8D1602B62251083300F1FAFB /* Release */,
			);
			defaultConfigurationIsVisible = 0;
			defaultConfigurationName = Release;
		};
		8D1602B72251083300F1FAFB /* Build configuration list for PBXNativeTarget "swiswiswift" */ = {
			isa = XCConfigurationList;
			buildConfigurations = (
				8D1602B82251083300F1FAFB /* Debug */,
				8D1602B92251083300F1FAFB /* Release */,
			);
			defaultConfigurationIsVisible = 0;
			defaultConfigurationName = Release;
		};
		8D1602BA2251083300F1FAFB /* Build configuration list for PBXNativeTarget "swiswiswiftTests" */ = {
			isa = XCConfigurationList;
			buildConfigurations = (
				8D1602BB2251083300F1FAFB /* Debug */,
				8D1602BC2251083300F1FAFB /* Release */,
			);
			defaultConfigurationIsVisible = 0;
			defaultConfigurationName = Release;
		};
		8D1602BD2251083300F1FAFB /* Build configuration list for PBXNativeTarget "swiswiswiftUITests" */ = {
			isa = XCConfigurationList;
			buildConfigurations = (
				8D1602BE2251083300F1FAFB /* Debug */,
				8D1602BF2251083300F1FAFB /* Release */,
			);
			defaultConfigurationIsVisible = 0;
			defaultConfigurationName = Release;
		};
/* End XCConfigurationList section */
	};
	rootObject = 8D1602872251083200F1FAFB /* Project object */;
}
