// !$*UTF8*$!
{
	archiveVersion = 1;
	classes = {
	};
	objectVersion = 50;
	objects = {

/* Begin PBXBuildFile section */
		8D1E85ED21FDF7B8001B91C2 /* SwiswiswiftTests.swift in Sources */ = {isa = PBXBuildFile; fileRef = 8D1E85EC21FDF7B8001B91C2 /* SwiswiswiftTests.swift */; };
		8D1E85F521FDF869001B91C2 /* FizzBuzz_20190127.swift in Sources */ = {isa = PBXBuildFile; fileRef = 8D1E85F421FDF869001B91C2 /* FizzBuzz_20190127.swift */; };
		8D1E85FA21FDFAC0001B91C2 /* FizzBuzzTests_20190127.swift in Sources */ = {isa = PBXBuildFile; fileRef = 8D1E85F921FDFAC0001B91C2 /* FizzBuzzTests_20190127.swift */; };
		8D3E0FC921F4C5F300D80F71 /* AppDelegate.swift in Sources */ = {isa = PBXBuildFile; fileRef = 8D3E0FC821F4C5F300D80F71 /* AppDelegate.swift */; };
		8D3E0FCB21F4C5F300D80F71 /* ViewController.swift in Sources */ = {isa = PBXBuildFile; fileRef = 8D3E0FCA21F4C5F300D80F71 /* ViewController.swift */; };
		8D3E0FCE21F4C5F300D80F71 /* Main.storyboard in Resources */ = {isa = PBXBuildFile; fileRef = 8D3E0FCC21F4C5F300D80F71 /* Main.storyboard */; };
		8D3E0FD021F4C5F500D80F71 /* Assets.xcassets in Resources */ = {isa = PBXBuildFile; fileRef = 8D3E0FCF21F4C5F500D80F71 /* Assets.xcassets */; };
		8D3E0FD321F4C5F500D80F71 /* LaunchScreen.storyboard in Resources */ = {isa = PBXBuildFile; fileRef = 8D3E0FD121F4C5F500D80F71 /* LaunchScreen.storyboard */; };
		8D3E0FDB21F4C68900D80F71 /* TableViewController_20190122.swift in Sources */ = {isa = PBXBuildFile; fileRef = 8D3E0FDA21F4C68900D80F71 /* TableViewController_20190122.swift */; };
		8D3E0FDE21F6275000D80F71 /* FirstNavigationViewController.swift in Sources */ = {isa = PBXBuildFile; fileRef = 8D3E0FDD21F6275000D80F71 /* FirstNavigationViewController.swift */; };
		8D3E0FE021F6276100D80F71 /* SecondNavigationViewController.swift in Sources */ = {isa = PBXBuildFile; fileRef = 8D3E0FDF21F6276100D80F71 /* SecondNavigationViewController.swift */; };
		8D3E0FE421F629B100D80F71 /* FirstSwitchNavigationViewController.swift in Sources */ = {isa = PBXBuildFile; fileRef = 8D3E0FE321F629B100D80F71 /* FirstSwitchNavigationViewController.swift */; };
		8D3E0FE621F629CA00D80F71 /* SecondSwitchNavigationViewController.swift in Sources */ = {isa = PBXBuildFile; fileRef = 8D3E0FE521F629CA00D80F71 /* SecondSwitchNavigationViewController.swift */; };
/* End PBXBuildFile section */

/* Begin PBXContainerItemProxy section */
		8D1E85EF21FDF7B8001B91C2 /* PBXContainerItemProxy */ = {
			isa = PBXContainerItemProxy;
			containerPortal = 8D3E0FBD21F4C5F300D80F71 /* Project object */;
			proxyType = 1;
			remoteGlobalIDString = 8D3E0FC421F4C5F300D80F71;
			remoteInfo = Swiswiswift;
		};
/* End PBXContainerItemProxy section */

/* Begin PBXFileReference section */
		8D1E85EA21FDF7B8001B91C2 /* SwiswiswiftTests.xctest */ = {isa = PBXFileReference; explicitFileType = wrapper.cfbundle; includeInIndex = 0; path = SwiswiswiftTests.xctest; sourceTree = BUILT_PRODUCTS_DIR; };
		8D1E85EC21FDF7B8001B91C2 /* SwiswiswiftTests.swift */ = {isa = PBXFileReference; lastKnownFileType = sourcecode.swift; path = SwiswiswiftTests.swift; sourceTree = "<group>"; };
		8D1E85EE21FDF7B8001B91C2 /* Info.plist */ = {isa = PBXFileReference; lastKnownFileType = text.plist.xml; path = Info.plist; sourceTree = "<group>"; };
		8D1E85F421FDF869001B91C2 /* FizzBuzz_20190127.swift */ = {isa = PBXFileReference; lastKnownFileType = sourcecode.swift; path = FizzBuzz_20190127.swift; sourceTree = "<group>"; };
		8D1E85F921FDFAC0001B91C2 /* FizzBuzzTests_20190127.swift */ = {isa = PBXFileReference; lastKnownFileType = sourcecode.swift; path = FizzBuzzTests_20190127.swift; sourceTree = "<group>"; };
		8D3E0FC521F4C5F300D80F71 /* Swiswiswift.app */ = {isa = PBXFileReference; explicitFileType = wrapper.application; includeInIndex = 0; path = Swiswiswift.app; sourceTree = BUILT_PRODUCTS_DIR; };
		8D3E0FC821F4C5F300D80F71 /* AppDelegate.swift */ = {isa = PBXFileReference; lastKnownFileType = sourcecode.swift; path = AppDelegate.swift; sourceTree = "<group>"; };
		8D3E0FCA21F4C5F300D80F71 /* ViewController.swift */ = {isa = PBXFileReference; lastKnownFileType = sourcecode.swift; path = ViewController.swift; sourceTree = "<group>"; };
		8D3E0FCD21F4C5F300D80F71 /* Base */ = {isa = PBXFileReference; lastKnownFileType = file.storyboard; name = Base; path = Base.lproj/Main.storyboard; sourceTree = "<group>"; };
		8D3E0FCF21F4C5F500D80F71 /* Assets.xcassets */ = {isa = PBXFileReference; lastKnownFileType = folder.assetcatalog; path = Assets.xcassets; sourceTree = "<group>"; };
		8D3E0FD221F4C5F500D80F71 /* Base */ = {isa = PBXFileReference; lastKnownFileType = file.storyboard; name = Base; path = Base.lproj/LaunchScreen.storyboard; sourceTree = "<group>"; };
		8D3E0FD421F4C5F500D80F71 /* Info.plist */ = {isa = PBXFileReference; lastKnownFileType = text.plist.xml; path = Info.plist; sourceTree = "<group>"; };
		8D3E0FDA21F4C68900D80F71 /* TableViewController_20190122.swift */ = {isa = PBXFileReference; lastKnownFileType = sourcecode.swift; path = TableViewController_20190122.swift; sourceTree = "<group>"; };
		8D3E0FDD21F6275000D80F71 /* FirstNavigationViewController.swift */ = {isa = PBXFileReference; lastKnownFileType = sourcecode.swift; path = FirstNavigationViewController.swift; sourceTree = "<group>"; };
		8D3E0FDF21F6276100D80F71 /* SecondNavigationViewController.swift */ = {isa = PBXFileReference; lastKnownFileType = sourcecode.swift; path = SecondNavigationViewController.swift; sourceTree = "<group>"; };
		8D3E0FE321F629B100D80F71 /* FirstSwitchNavigationViewController.swift */ = {isa = PBXFileReference; lastKnownFileType = sourcecode.swift; path = FirstSwitchNavigationViewController.swift; sourceTree = "<group>"; };
		8D3E0FE521F629CA00D80F71 /* SecondSwitchNavigationViewController.swift */ = {isa = PBXFileReference; lastKnownFileType = sourcecode.swift; path = SecondSwitchNavigationViewController.swift; sourceTree = "<group>"; };
/* End PBXFileReference section */

/* Begin PBXFrameworksBuildPhase section */
		8D1E85E721FDF7B8001B91C2 /* Frameworks */ = {
			isa = PBXFrameworksBuildPhase;
			buildActionMask = 2147483647;
			files = (
			);
			runOnlyForDeploymentPostprocessing = 0;
		};
		8D3E0FC221F4C5F300D80F71 /* Frameworks */ = {
			isa = PBXFrameworksBuildPhase;
			buildActionMask = 2147483647;
			files = (
			);
			runOnlyForDeploymentPostprocessing = 0;
		};
/* End PBXFrameworksBuildPhase section */

/* Begin PBXGroup section */
		8D1E85E521FDF76D001B91C2 /* 20190127 */ = {
			isa = PBXGroup;
			children = (
				8D1E85F421FDF869001B91C2 /* FizzBuzz_20190127.swift */,
				8D1E85F921FDFAC0001B91C2 /* FizzBuzzTests_20190127.swift */,
			);
			path = 20190127;
			sourceTree = "<group>";
		};
		8D1E85EB21FDF7B8001B91C2 /* SwiswiswiftTests */ = {
			isa = PBXGroup;
			children = (
				8D1E85EC21FDF7B8001B91C2 /* SwiswiswiftTests.swift */,
				8D1E85EE21FDF7B8001B91C2 /* Info.plist */,
			);
			path = SwiswiswiftTests;
			sourceTree = "<group>";
		};
		8D3E0FBC21F4C5F300D80F71 = {
			isa = PBXGroup;
			children = (
				8D3E0FC721F4C5F300D80F71 /* Swiswiswift */,
				8D1E85EB21FDF7B8001B91C2 /* SwiswiswiftTests */,
				8D3E0FC621F4C5F300D80F71 /* Products */,
			);
			sourceTree = "<group>";
		};
		8D3E0FC621F4C5F300D80F71 /* Products */ = {
			isa = PBXGroup;
			children = (
				8D3E0FC521F4C5F300D80F71 /* Swiswiswift.app */,
				8D1E85EA21FDF7B8001B91C2 /* SwiswiswiftTests.xctest */,
			);
			name = Products;
			sourceTree = "<group>";
		};
		8D3E0FC721F4C5F300D80F71 /* Swiswiswift */ = {
			isa = PBXGroup;
			children = (
				8D3E0FC821F4C5F300D80F71 /* AppDelegate.swift */,
				8D3E0FE121F6295400D80F71 /* 20190122 */,
				8D1E85E521FDF76D001B91C2 /* 20190127 */,
				8D3E0FDC21F6269C00D80F71 /* NavigationController */,
				8D3E0FE221F6297000D80F71 /* SwitchNavigationController */,
				8D3E0FCA21F4C5F300D80F71 /* ViewController.swift */,
				8D3E0FCC21F4C5F300D80F71 /* Main.storyboard */,
				8D3E0FCF21F4C5F500D80F71 /* Assets.xcassets */,
				8D3E0FD121F4C5F500D80F71 /* LaunchScreen.storyboard */,
				8D3E0FD421F4C5F500D80F71 /* Info.plist */,
			);
			path = Swiswiswift;
			sourceTree = "<group>";
		};
		8D3E0FDC21F6269C00D80F71 /* NavigationController */ = {
			isa = PBXGroup;
			children = (
				8D3E0FDD21F6275000D80F71 /* FirstNavigationViewController.swift */,
				8D3E0FDF21F6276100D80F71 /* SecondNavigationViewController.swift */,
			);
			path = NavigationController;
			sourceTree = "<group>";
		};
		8D3E0FE121F6295400D80F71 /* 20190122 */ = {
			isa = PBXGroup;
			children = (
				8D3E0FDA21F4C68900D80F71 /* TableViewController_20190122.swift */,
			);
			path = 20190122;
			sourceTree = "<group>";
		};
		8D3E0FE221F6297000D80F71 /* SwitchNavigationController */ = {
			isa = PBXGroup;
			children = (
				8D3E0FE321F629B100D80F71 /* FirstSwitchNavigationViewController.swift */,
				8D3E0FE521F629CA00D80F71 /* SecondSwitchNavigationViewController.swift */,
			);
			path = SwitchNavigationController;
			sourceTree = "<group>";
		};
/* End PBXGroup section */

/* Begin PBXNativeTarget section */
		8D1E85E921FDF7B8001B91C2 /* SwiswiswiftTests */ = {
			isa = PBXNativeTarget;
			buildConfigurationList = 8D1E85F121FDF7B8001B91C2 /* Build configuration list for PBXNativeTarget "SwiswiswiftTests" */;
			buildPhases = (
				8D1E85E621FDF7B8001B91C2 /* Sources */,
				8D1E85E721FDF7B8001B91C2 /* Frameworks */,
				8D1E85E821FDF7B8001B91C2 /* Resources */,
			);
			buildRules = (
			);
			dependencies = (
				8D1E85F021FDF7B8001B91C2 /* PBXTargetDependency */,
			);
			name = SwiswiswiftTests;
			productName = SwiswiswiftTests;
			productReference = 8D1E85EA21FDF7B8001B91C2 /* SwiswiswiftTests.xctest */;
			productType = "com.apple.product-type.bundle.unit-test";
		};
		8D3E0FC421F4C5F300D80F71 /* Swiswiswift */ = {
			isa = PBXNativeTarget;
			buildConfigurationList = 8D3E0FD721F4C5F500D80F71 /* Build configuration list for PBXNativeTarget "Swiswiswift" */;
			buildPhases = (
				8D3E0FC121F4C5F300D80F71 /* Sources */,
				8D3E0FC221F4C5F300D80F71 /* Frameworks */,
				8D3E0FC321F4C5F300D80F71 /* Resources */,
			);
			buildRules = (
			);
			dependencies = (
			);
			name = Swiswiswift;
			productName = Swiswiswift;
			productReference = 8D3E0FC521F4C5F300D80F71 /* Swiswiswift.app */;
			productType = "com.apple.product-type.application";
		};
/* End PBXNativeTarget section */

/* Begin PBXProject section */
		8D3E0FBD21F4C5F300D80F71 /* Project object */ = {
			isa = PBXProject;
			attributes = {
				LastSwiftUpdateCheck = 1010;
				LastUpgradeCheck = 1010;
				ORGANIZATIONNAME = "junpei ono";
				TargetAttributes = {
					8D1E85E921FDF7B8001B91C2 = {
						CreatedOnToolsVersion = 10.1;
						TestTargetID = 8D3E0FC421F4C5F300D80F71;
					};
					8D3E0FC421F4C5F300D80F71 = {
						CreatedOnToolsVersion = 10.1;
					};
				};
			};
			buildConfigurationList = 8D3E0FC021F4C5F300D80F71 /* Build configuration list for PBXProject "Swiswiswift" */;
			compatibilityVersion = "Xcode 9.3";
			developmentRegion = en;
			hasScannedForEncodings = 0;
			knownRegions = (
				en,
				Base,
			);
			mainGroup = 8D3E0FBC21F4C5F300D80F71;
			productRefGroup = 8D3E0FC621F4C5F300D80F71 /* Products */;
			projectDirPath = "";
			projectRoot = "";
			targets = (
				8D3E0FC421F4C5F300D80F71 /* Swiswiswift */,
				8D1E85E921FDF7B8001B91C2 /* SwiswiswiftTests */,
			);
		};
/* End PBXProject section */

/* Begin PBXResourcesBuildPhase section */
		8D1E85E821FDF7B8001B91C2 /* Resources */ = {
			isa = PBXResourcesBuildPhase;
			buildActionMask = 2147483647;
			files = (
			);
			runOnlyForDeploymentPostprocessing = 0;
		};
		8D3E0FC321F4C5F300D80F71 /* Resources */ = {
			isa = PBXResourcesBuildPhase;
			buildActionMask = 2147483647;
			files = (
				8D3E0FD321F4C5F500D80F71 /* LaunchScreen.storyboard in Resources */,
				8D3E0FD021F4C5F500D80F71 /* Assets.xcassets in Resources */,
				8D3E0FCE21F4C5F300D80F71 /* Main.storyboard in Resources */,
			);
			runOnlyForDeploymentPostprocessing = 0;
		};
/* End PBXResourcesBuildPhase section */

/* Begin PBXSourcesBuildPhase section */
		8D1E85E621FDF7B8001B91C2 /* Sources */ = {
			isa = PBXSourcesBuildPhase;
			buildActionMask = 2147483647;
			files = (
				8D1E85ED21FDF7B8001B91C2 /* SwiswiswiftTests.swift in Sources */,
				8D1E85FA21FDFAC0001B91C2 /* FizzBuzzTests_20190127.swift in Sources */,
			);
			runOnlyForDeploymentPostprocessing = 0;
		};
		8D3E0FC121F4C5F300D80F71 /* Sources */ = {
			isa = PBXSourcesBuildPhase;
			buildActionMask = 2147483647;
			files = (
				8D3E0FCB21F4C5F300D80F71 /* ViewController.swift in Sources */,
				8D1E85F521FDF869001B91C2 /* FizzBuzz_20190127.swift in Sources */,
				8D3E0FE621F629CA00D80F71 /* SecondSwitchNavigationViewController.swift in Sources */,
				8D3E0FDB21F4C68900D80F71 /* TableViewController_20190122.swift in Sources */,
				8D3E0FC921F4C5F300D80F71 /* AppDelegate.swift in Sources */,
				8D3E0FE021F6276100D80F71 /* SecondNavigationViewController.swift in Sources */,
				8D3E0FDE21F6275000D80F71 /* FirstNavigationViewController.swift in Sources */,
				8D3E0FE421F629B100D80F71 /* FirstSwitchNavigationViewController.swift in Sources */,
			);
			runOnlyForDeploymentPostprocessing = 0;
		};
/* End PBXSourcesBuildPhase section */

/* Begin PBXTargetDependency section */
		8D1E85F021FDF7B8001B91C2 /* PBXTargetDependency */ = {
			isa = PBXTargetDependency;
			target = 8D3E0FC421F4C5F300D80F71 /* Swiswiswift */;
			targetProxy = 8D1E85EF21FDF7B8001B91C2 /* PBXContainerItemProxy */;
		};
/* End PBXTargetDependency section */

/* Begin PBXVariantGroup section */
		8D3E0FCC21F4C5F300D80F71 /* Main.storyboard */ = {
			isa = PBXVariantGroup;
			children = (
				8D3E0FCD21F4C5F300D80F71 /* Base */,
			);
			name = Main.storyboard;
			sourceTree = "<group>";
		};
		8D3E0FD121F4C5F500D80F71 /* LaunchScreen.storyboard */ = {
			isa = PBXVariantGroup;
			children = (
				8D3E0FD221F4C5F500D80F71 /* Base */,
			);
			name = LaunchScreen.storyboard;
			sourceTree = "<group>";
		};
/* End PBXVariantGroup section */

/* Begin XCBuildConfiguration section */
		8D1E85F221FDF7B8001B91C2 /* Debug */ = {
			isa = XCBuildConfiguration;
			buildSettings = {
				BUNDLE_LOADER = "$(TEST_HOST)";
				CODE_SIGN_STYLE = Automatic;
				DEVELOPMENT_TEAM = 5RH346BQ66;
				INFOPLIST_FILE = SwiswiswiftTests/Info.plist;
				LD_RUNPATH_SEARCH_PATHS = (
					"$(inherited)",
					"@executable_path/Frameworks",
					"@loader_path/Frameworks",
				);
				PRODUCT_BUNDLE_IDENTIFIER = com.swiswiswift.sample.SwiswiswiftTests;
				PRODUCT_NAME = "$(TARGET_NAME)";
				SWIFT_VERSION = 4.2;
				TARGETED_DEVICE_FAMILY = "1,2";
				TEST_HOST = "$(BUILT_PRODUCTS_DIR)/Swiswiswift.app/Swiswiswift";
			};
			name = Debug;
		};
		8D1E85F321FDF7B8001B91C2 /* Release */ = {
			isa = XCBuildConfiguration;
			buildSettings = {
				BUNDLE_LOADER = "$(TEST_HOST)";
				CODE_SIGN_STYLE = Automatic;
				DEVELOPMENT_TEAM = 5RH346BQ66;
				INFOPLIST_FILE = SwiswiswiftTests/Info.plist;
				LD_RUNPATH_SEARCH_PATHS = (
					"$(inherited)",
					"@executable_path/Frameworks",
					"@loader_path/Frameworks",
				);
				PRODUCT_BUNDLE_IDENTIFIER = com.swiswiswift.sample.SwiswiswiftTests;
				PRODUCT_NAME = "$(TARGET_NAME)";
				SWIFT_VERSION = 4.2;
				TARGETED_DEVICE_FAMILY = "1,2";
				TEST_HOST = "$(BUILT_PRODUCTS_DIR)/Swiswiswift.app/Swiswiswift";
			};
			name = Release;
		};
		8D3E0FD521F4C5F500D80F71 /* Debug */ = {
			isa = XCBuildConfiguration;
			buildSettings = {
				ALWAYS_SEARCH_USER_PATHS = NO;
				CLANG_ANALYZER_NONNULL = YES;
				CLANG_ANALYZER_NUMBER_OBJECT_CONVERSION = YES_AGGRESSIVE;
				CLANG_CXX_LANGUAGE_STANDARD = "gnu++14";
				CLANG_CXX_LIBRARY = "libc++";
				CLANG_ENABLE_MODULES = YES;
				CLANG_ENABLE_OBJC_ARC = YES;
				CLANG_ENABLE_OBJC_WEAK = YES;
				CLANG_WARN_BLOCK_CAPTURE_AUTORELEASING = YES;
				CLANG_WARN_BOOL_CONVERSION = YES;
				CLANG_WARN_COMMA = YES;
				CLANG_WARN_CONSTANT_CONVERSION = YES;
				CLANG_WARN_DEPRECATED_OBJC_IMPLEMENTATIONS = YES;
				CLANG_WARN_DIRECT_OBJC_ISA_USAGE = YES_ERROR;
				CLANG_WARN_DOCUMENTATION_COMMENTS = YES;
				CLANG_WARN_EMPTY_BODY = YES;
				CLANG_WARN_ENUM_CONVERSION = YES;
				CLANG_WARN_INFINITE_RECURSION = YES;
				CLANG_WARN_INT_CONVERSION = YES;
				CLANG_WARN_NON_LITERAL_NULL_CONVERSION = YES;
				CLANG_WARN_OBJC_IMPLICIT_RETAIN_SELF = YES;
				CLANG_WARN_OBJC_LITERAL_CONVERSION = YES;
				CLANG_WARN_OBJC_ROOT_CLASS = YES_ERROR;
				CLANG_WARN_RANGE_LOOP_ANALYSIS = YES;
				CLANG_WARN_STRICT_PROTOTYPES = YES;
				CLANG_WARN_SUSPICIOUS_MOVE = YES;
				CLANG_WARN_UNGUARDED_AVAILABILITY = YES_AGGRESSIVE;
				CLANG_WARN_UNREACHABLE_CODE = YES;
				CLANG_WARN__DUPLICATE_METHOD_MATCH = YES;
				CODE_SIGN_IDENTITY = "iPhone Developer";
				COPY_PHASE_STRIP = NO;
				DEBUG_INFORMATION_FORMAT = dwarf;
				ENABLE_STRICT_OBJC_MSGSEND = YES;
				ENABLE_TESTABILITY = YES;
				GCC_C_LANGUAGE_STANDARD = gnu11;
				GCC_DYNAMIC_NO_PIC = NO;
				GCC_NO_COMMON_BLOCKS = YES;
				GCC_OPTIMIZATION_LEVEL = 0;
				GCC_PREPROCESSOR_DEFINITIONS = (
					"DEBUG=1",
					"$(inherited)",
				);
				GCC_WARN_64_TO_32_BIT_CONVERSION = YES;
				GCC_WARN_ABOUT_RETURN_TYPE = YES_ERROR;
				GCC_WARN_UNDECLARED_SELECTOR = YES;
				GCC_WARN_UNINITIALIZED_AUTOS = YES_AGGRESSIVE;
				GCC_WARN_UNUSED_FUNCTION = YES;
				GCC_WARN_UNUSED_VARIABLE = YES;
				IPHONEOS_DEPLOYMENT_TARGET = 12.1;
				MTL_ENABLE_DEBUG_INFO = INCLUDE_SOURCE;
				MTL_FAST_MATH = YES;
				ONLY_ACTIVE_ARCH = YES;
				SDKROOT = iphoneos;
				SWIFT_ACTIVE_COMPILATION_CONDITIONS = DEBUG;
				SWIFT_OPTIMIZATION_LEVEL = "-Onone";
			};
			name = Debug;
		};
		8D3E0FD621F4C5F500D80F71 /* Release */ = {
			isa = XCBuildConfiguration;
			buildSettings = {
				ALWAYS_SEARCH_USER_PATHS = NO;
				CLANG_ANALYZER_NONNULL = YES;
				CLANG_ANALYZER_NUMBER_OBJECT_CONVERSION = YES_AGGRESSIVE;
				CLANG_CXX_LANGUAGE_STANDARD = "gnu++14";
				CLANG_CXX_LIBRARY = "libc++";
				CLANG_ENABLE_MODULES = YES;
				CLANG_ENABLE_OBJC_ARC = YES;
				CLANG_ENABLE_OBJC_WEAK = YES;
				CLANG_WARN_BLOCK_CAPTURE_AUTORELEASING = YES;
				CLANG_WARN_BOOL_CONVERSION = YES;
				CLANG_WARN_COMMA = YES;
				CLANG_WARN_CONSTANT_CONVERSION = YES;
				CLANG_WARN_DEPRECATED_OBJC_IMPLEMENTATIONS = YES;
				CLANG_WARN_DIRECT_OBJC_ISA_USAGE = YES_ERROR;
				CLANG_WARN_DOCUMENTATION_COMMENTS = YES;
				CLANG_WARN_EMPTY_BODY = YES;
				CLANG_WARN_ENUM_CONVERSION = YES;
				CLANG_WARN_INFINITE_RECURSION = YES;
				CLANG_WARN_INT_CONVERSION = YES;
				CLANG_WARN_NON_LITERAL_NULL_CONVERSION = YES;
				CLANG_WARN_OBJC_IMPLICIT_RETAIN_SELF = YES;
				CLANG_WARN_OBJC_LITERAL_CONVERSION = YES;
				CLANG_WARN_OBJC_ROOT_CLASS = YES_ERROR;
				CLANG_WARN_RANGE_LOOP_ANALYSIS = YES;
				CLANG_WARN_STRICT_PROTOTYPES = YES;
				CLANG_WARN_SUSPICIOUS_MOVE = YES;
				CLANG_WARN_UNGUARDED_AVAILABILITY = YES_AGGRESSIVE;
				CLANG_WARN_UNREACHABLE_CODE = YES;
				CLANG_WARN__DUPLICATE_METHOD_MATCH = YES;
				CODE_SIGN_IDENTITY = "iPhone Developer";
				COPY_PHASE_STRIP = NO;
				DEBUG_INFORMATION_FORMAT = "dwarf-with-dsym";
				ENABLE_NS_ASSERTIONS = NO;
				ENABLE_STRICT_OBJC_MSGSEND = YES;
				GCC_C_LANGUAGE_STANDARD = gnu11;
				GCC_NO_COMMON_BLOCKS = YES;
				GCC_WARN_64_TO_32_BIT_CONVERSION = YES;
				GCC_WARN_ABOUT_RETURN_TYPE = YES_ERROR;
				GCC_WARN_UNDECLARED_SELECTOR = YES;
				GCC_WARN_UNINITIALIZED_AUTOS = YES_AGGRESSIVE;
				GCC_WARN_UNUSED_FUNCTION = YES;
				GCC_WARN_UNUSED_VARIABLE = YES;
				IPHONEOS_DEPLOYMENT_TARGET = 12.1;
				MTL_ENABLE_DEBUG_INFO = NO;
				MTL_FAST_MATH = YES;
				SDKROOT = iphoneos;
				SWIFT_COMPILATION_MODE = wholemodule;
				SWIFT_OPTIMIZATION_LEVEL = "-O";
				VALIDATE_PRODUCT = YES;
			};
			name = Release;
		};
		8D3E0FD821F4C5F500D80F71 /* Debug */ = {
			isa = XCBuildConfiguration;
			buildSettings = {
				ASSETCATALOG_COMPILER_APPICON_NAME = AppIcon;
				CODE_SIGN_STYLE = Automatic;
				DEVELOPMENT_TEAM = 5RH346BQ66;
				INFOPLIST_FILE = Swiswiswift/Info.plist;
				LD_RUNPATH_SEARCH_PATHS = (
					"$(inherited)",
					"@executable_path/Frameworks",
				);
				PRODUCT_BUNDLE_IDENTIFIER = com.swiswiswift.sample.Swiswiswift;
				PRODUCT_NAME = "$(TARGET_NAME)";
				SWIFT_VERSION = 4.2;
				TARGETED_DEVICE_FAMILY = "1,2";
			};
			name = Debug;
		};
		8D3E0FD921F4C5F500D80F71 /* Release */ = {
			isa = XCBuildConfiguration;
			buildSettings = {
				ASSETCATALOG_COMPILER_APPICON_NAME = AppIcon;
				CODE_SIGN_STYLE = Automatic;
				DEVELOPMENT_TEAM = 5RH346BQ66;
				INFOPLIST_FILE = Swiswiswift/Info.plist;
				LD_RUNPATH_SEARCH_PATHS = (
					"$(inherited)",
					"@executable_path/Frameworks",
				);
				PRODUCT_BUNDLE_IDENTIFIER = com.swiswiswift.sample.Swiswiswift;
				PRODUCT_NAME = "$(TARGET_NAME)";
				SWIFT_VERSION = 4.2;
				TARGETED_DEVICE_FAMILY = "1,2";
			};
			name = Release;
		};
/* End XCBuildConfiguration section */

/* Begin XCConfigurationList section */
		8D1E85F121FDF7B8001B91C2 /* Build configuration list for PBXNativeTarget "SwiswiswiftTests" */ = {
			isa = XCConfigurationList;
			buildConfigurations = (
				8D1E85F221FDF7B8001B91C2 /* Debug */,
				8D1E85F321FDF7B8001B91C2 /* Release */,
			);
			defaultConfigurationIsVisible = 0;
			defaultConfigurationName = Release;
		};
		8D3E0FC021F4C5F300D80F71 /* Build configuration list for PBXProject "Swiswiswift" */ = {
			isa = XCConfigurationList;
			buildConfigurations = (
				8D3E0FD521F4C5F500D80F71 /* Debug */,
				8D3E0FD621F4C5F500D80F71 /* Release */,
			);
			defaultConfigurationIsVisible = 0;
			defaultConfigurationName = Release;
		};
		8D3E0FD721F4C5F500D80F71 /* Build configuration list for PBXNativeTarget "Swiswiswift" */ = {
			isa = XCConfigurationList;
			buildConfigurations = (
				8D3E0FD821F4C5F500D80F71 /* Debug */,
				8D3E0FD921F4C5F500D80F71 /* Release */,
			);
			defaultConfigurationIsVisible = 0;
			defaultConfigurationName = Release;
		};
/* End XCConfigurationList section */
	};
	rootObject = 8D3E0FBD21F4C5F300D80F71 /* Project object */;
}
